{
  "name": "platforms_num2",
  "version": "1.0.0",
  "lockfileVersion": 2,
  "requires": true,
  "packages": {
    "": {
      "name": "platforms_num2",
      "version": "1.0.0",
      "license": "ISC",
      "dependencies": {
        "@jenkins555/platforms": "^1.0.0"
      }
    },
    "node_modules/@jenkins555/platforms": {
      "version": "1.0.0",
      "resolved": "https://npm.pkg.github.com/download/@jenkins555/platforms/1.0.0/42e707a6c5631f880a3321beb1cd01c5589a309e8b050d91575d7195e7cf0d8f",
      "integrity": "sha512-cLmPik/eIXQIUdkEnW5+qtTkYoteZy4WroHu7js80l8yyX4fv4ATiNODdN/cDgkcd+jpsn3vSRJsIlIK6Hkn4Q==",
      "license": "ISC"
    }
  },
  "dependencies": {
    "@jenkins555/platforms": {
      "version": "1.0.0",
      "resolved": "https://npm.pkg.github.com/download/@jenkins555/platforms/1.0.0/42e707a6c5631f880a3321beb1cd01c5589a309e8b050d91575d7195e7cf0d8f",
      "integrity": "sha512-cLmPik/eIXQIUdkEnW5+qtTkYoteZy4WroHu7js80l8yyX4fv4ATiNODdN/cDgkcd+jpsn3vSRJsIlIK6Hkn4Q=="
    }
  }
}
